
Microsoft Visual Studio Solution File, Format Version 12.00
# Visual Studio Version 17
VisualStudioVersion = 17.5.33502.453
MinimumVisualStudioVersion = 10.0.40219.1
Project("{8BC9CEB8-8B4A-11D0-8D11-00A0C91BC942}") = "Kalacakra", "Kalacakra.vcxproj", "{2140C73D-67A9-4853-82A5-BA61517EBBF8}"
EndProject
Global
	GlobalSection(SolutionConfigurationPlatforms) = preSolution
		Debug|x64 = Debug|x64
		Debug|x86 = Debug|x86
		Release|x64 = Release|x64
		Release|x86 = Release|x86
	EndGlobalSection
	GlobalSection(ProjectConfigurationPlatforms) = postSolution
		{2140C73D-67A9-4853-82A5-BA61517EBBF8}.Debug|x64.ActiveCfg = Debug|x64
		{2140C73D-67A9-4853-82A5-BA61517EBBF8}.Debug|x64.Build.0 = Debug|x64
		{2140C73D-67A9-4853-82A5-BA61517EBBF8}.Debug|x86.ActiveCfg = Debug|Win32
		{2140C73D-67A9-4853-82A5-BA61517EBBF8}.Debug|x86.Build.0 = Debug|Win32
		{2140C73D-67A9-4853-82A5-BA61517EBBF8}.Release|x64.ActiveCfg = Release|x64
		{2140C73D-67A9-4853-82A5-BA61517EBBF8}.Release|x64.Build.0 = Release|x64
		{2140C73D-67A9-4853-82A5-BA61517EBBF8}.Release|x86.ActiveCfg = Release|Win32
		{2140C73D-67A9-4853-82A5-BA61517EBBF8}.Release|x86.Build.0 = Release|Win32
	EndGlobalSection
	GlobalSection(SolutionProperties) = preSolution
		HideSolutionNode = FALSE
	EndGlobalSection
	GlobalSection(ExtensibilityGlobals) = postSolution
		SolutionGuid = {7E7C2CD6-15BE-440D-ACEF-6207F9BD05AB}
	EndGlobalSection
EndGlobal
