<?xml version="1.0" encoding="utf-8"?>
<Project ToolsVersion="4.0" xmlns="http://schemas.microsoft.com/developer/msbuild/2003">
  <ItemGroup>
    <Filter Include="源文件">
      <UniqueIdentifier>{4FC737F1-C7A5-4376-A066-2A32D752A2FF}</UniqueIdentifier>
      <Extensions>cpp;c;cc;cxx;c++;cppm;ixx;def;odl;idl;hpj;bat;asm;asmx</Extensions>
    </Filter>
    <Filter Include="头文件">
      <UniqueIdentifier>{93995380-89BD-4b04-88EB-625FBE52EBFB}</UniqueIdentifier>
      <Extensions>h;hh;hpp;hxx;h++;hm;inl;inc;ipp;xsd</Extensions>
    </Filter>
    <Filter Include="资源文件">
      <UniqueIdentifier>{67DA6AB6-F800-4c08-8B7A-83BB121AAD01}</UniqueIdentifier>
      <Extensions>rc;ico;cur;bmp;dlg;rc2;rct;bin;rgs;gif;jpg;jpeg;jpe;resx;tiff;tif;png;wav;mfcribbon-ms</Extensions>
    </Filter>
  </ItemGroup>
  <ItemGroup>
    <ClInclude Include="src\Shader.h">
      <Filter>头文件</Filter>
    </ClInclude>
    <ClInclude Include="include\stb_image.h">
      <Filter>头文件</Filter>
    </ClInclude>
    <ClInclude Include="src\Buffer.h">
      <Filter>头文件</Filter>
    </ClInclude>
    <ClInclude Include="src\VertexArray.h">
      <Filter>头文件</Filter>
    </ClInclude>
    <ClInclude Include="src\Camera.h">
      <Filter>头文件</Filter>
    </ClInclude>
    <ClInclude Include="src\Renderer.h">
      <Filter>头文件</Filter>
    </ClInclude>
    <ClInclude Include="src\Mesh.h">
      <Filter>头文件</Filter>
    </ClInclude>
    <ClInclude Include="src\Texture.h">
      <Filter>头文件</Filter>
    </ClInclude>
    <ClInclude Include="src\AssimpGLMHelper.hpp">
      <Filter>头文件</Filter>
    </ClInclude>
    <ClInclude Include="src\Model.h">
      <Filter>头文件</Filter>
    </ClInclude>
    <ClInclude Include="src\Animator.h">
      <Filter>头文件</Filter>
    </ClInclude>
    <ClInclude Include="src\Animation.h">
      <Filter>头文件</Filter>
    </ClInclude>
    <ClInclude Include="src\Bone.h">
      <Filter>头文件</Filter>
    </ClInclude>
    <ClInclude Include="src\Player.h">
      <Filter>头文件</Filter>
    </ClInclude>
    <ClInclude Include="src\Role.h">
      <Filter>头文件</Filter>
    </ClInclude>
    <ClInclude Include="src\Text.h">
      <Filter>头文件</Filter>
    </ClInclude>
    <ClInclude Include="src\CharacterSet.h">
      <Filter>头文件</Filter>
    </ClInclude>
    <ClInclude Include="src\TextBox.h">
      <Filter>头文件</Filter>
    </ClInclude>
    <ClInclude Include="src\Enemy.h">
      <Filter>头文件</Filter>
    </ClInclude>
    <ClInclude Include="src\Rectangle.h">
      <Filter>头文件</Filter>
    </ClInclude>
    <ClInclude Include="src\Game.h">
      <Filter>头文件</Filter>
    </ClInclude>
    <ClInclude Include="src\Bar.h">
      <Filter>头文件</Filter>
    </ClInclude>
  </ItemGroup>
  <ItemGroup>
    <Image Include="res\iamge\awesomeface.png">
      <Filter>资源文件</Filter>
    </Image>
    <Image Include="res\iamge\container.jpg">
      <Filter>资源文件</Filter>
    </Image>
  </ItemGroup>
  <ItemGroup>
    <None Include="res\shader\shader.frag" />
    <None Include="res\shader\shader.vert" />
    <None Include="res\shader\floor.vert" />
    <None Include="res\shader\floor.frag" />
    <None Include="res\shader\sky.vert" />
    <None Include="res\shader\sky.frag" />
    <None Include="res\shader\text.vert" />
    <None Include="res\shader\text.frag" />
    <None Include="res\shader\rectColor.frag" />
    <None Include="res\shader\rectColor.vert" />
    <None Include="res\shader\rectTexture.vert" />
    <None Include="res\shader\rectTexture.frag" />
    <None Include="res\shader\bar.vert" />
    <None Include="res\shader\bar.frag" />
    <None Include="res\shader\startAnimationText.vert" />
    <None Include="res\shader\startAnimationText.frag" />
  </ItemGroup>
  <ItemGroup>
    <ClCompile Include="src\Shader.cpp">
      <Filter>源文件</Filter>
    </ClCompile>
    <ClCompile Include="src\Buffer.cpp">
      <Filter>源文件</Filter>
    </ClCompile>
    <ClCompile Include="src\VertexArray.cpp">
      <Filter>源文件</Filter>
    </ClCompile>
    <ClCompile Include="src\Camera.cpp">
      <Filter>源文件</Filter>
    </ClCompile>
    <ClCompile Include="src\Texture.cpp">
      <Filter>源文件</Filter>
    </ClCompile>
    <ClCompile Include="src\Renderer.cpp">
      <Filter>源文件</Filter>
    </ClCompile>
    <ClCompile Include="src\Mesh.cpp">
      <Filter>源文件</Filter>
    </ClCompile>
    <ClCompile Include="src\Model.cpp">
      <Filter>源文件</Filter>
    </ClCompile>
    <ClCompile Include="src\Animation.cpp">
      <Filter>源文件</Filter>
    </ClCompile>
    <ClCompile Include="src\Bone.cpp">
      <Filter>源文件</Filter>
    </ClCompile>
    <ClCompile Include="src\Animator.cpp">
      <Filter>源文件</Filter>
    </ClCompile>
    <ClCompile Include="src\Player.cpp">
      <Filter>源文件</Filter>
    </ClCompile>
    <ClCompile Include="src\Role.cpp">
      <Filter>源文件</Filter>
    </ClCompile>
    <ClCompile Include="src\CharacterSet.cpp">
      <Filter>源文件</Filter>
    </ClCompile>
    <ClCompile Include="src\Text.cpp">
      <Filter>源文件</Filter>
    </ClCompile>
    <ClCompile Include="src\TextBox.cpp">
      <Filter>源文件</Filter>
    </ClCompile>
    <ClCompile Include="src\Enemy.cpp">
      <Filter>源文件</Filter>
    </ClCompile>
    <ClCompile Include="src\Rectangle.cpp">
      <Filter>源文件</Filter>
    </ClCompile>
    <ClCompile Include="src\Game.cpp">
      <Filter>源文件</Filter>
    </ClCompile>
    <ClCompile Include="src\Bar.cpp">
      <Filter>源文件</Filter>
    </ClCompile>
    <ClCompile Include="src\Application.cpp">
      <Filter>源文件</Filter>
    </ClCompile>
  </ItemGroup>
</Project>